
Microsoft Visual Studio Solution File, Format Version 12.00
# Visual Studio Version 16
VisualStudioVersion = 16.0.30011.22
MinimumVisualStudioVersion = 10.0.40219.1
Project("{9A19103F-16F7-4668-BE54-9A1E7A4F7556}") = "DaysOfWeek", "DaysOfWeek\DaysOfWeek.csproj", "{16D71545-975C-40D1-95C3-DDA9740512EC}"
EndProject
Project("{9A19103F-16F7-4668-BE54-9A1E7A4F7556}") = "NthDay", "NthDay\NthDay.csproj", "{9C78A02B-D78B-4842-A3F8-968C84F0A801}"
EndProject
Project("{9A19103F-16F7-4668-BE54-9A1E7A4F7556}") = "TopTenPops", "TopTenPops\TopTenPops.csproj", "{F3628ACE-7024-4036-9C20-B0B17422F4CB}"
EndProject
Project("{9A19103F-16F7-4668-BE54-9A1E7A4F7556}") = "DaysOfWeekList", "DaysOfWeekList\DaysOfWeekList.csproj", "{073122AA-8731-451D-9B7B-1A8A89936833}"
EndProject
Project("{9A19103F-16F7-4668-BE54-9A1E7A4F7556}") = "DictSnippets", "DictSnippets\DictSnippets.csproj", "{00BEBB39-3AD7-41F4-8E78-2983C6CA93D3}"
EndProject
Project("{FAE04EC0-301F-11D3-BF4B-00C04F79EFBC}") = "ReadCountriesForLoop", "ReadCountriesForLoop\ReadCountriesForLoop.csproj", "{629D4061-0234-408F-9D8B-0F531454ADE2}"
EndProject
Project("{FAE04EC0-301F-11D3-BF4B-00C04F79EFBC}") = "ReadAllCountries", "ReadAllCountries\ReadAllCountries.csproj", "{713A1E2D-FDB1-4DF0-A88A-918F237A6F49}"
EndProject
Global
	GlobalSection(SolutionConfigurationPlatforms) = preSolution
		Debug|Any CPU = Debug|Any CPU
		Release|Any CPU = Release|Any CPU
	EndGlobalSection
	GlobalSection(ProjectConfigurationPlatforms) = postSolution
		{16D71545-975C-40D1-95C3-DDA9740512EC}.Debug|Any CPU.ActiveCfg = Debug|Any CPU
		{16D71545-975C-40D1-95C3-DDA9740512EC}.Debug|Any CPU.Build.0 = Debug|Any CPU
		{16D71545-975C-40D1-95C3-DDA9740512EC}.Release|Any CPU.ActiveCfg = Release|Any CPU
		{16D71545-975C-40D1-95C3-DDA9740512EC}.Release|Any CPU.Build.0 = Release|Any CPU
		{9C78A02B-D78B-4842-A3F8-968C84F0A801}.Debug|Any CPU.ActiveCfg = Debug|Any CPU
		{9C78A02B-D78B-4842-A3F8-968C84F0A801}.Debug|Any CPU.Build.0 = Debug|Any CPU
		{9C78A02B-D78B-4842-A3F8-968C84F0A801}.Release|Any CPU.ActiveCfg = Release|Any CPU
		{9C78A02B-D78B-4842-A3F8-968C84F0A801}.Release|Any CPU.Build.0 = Release|Any CPU
		{F3628ACE-7024-4036-9C20-B0B17422F4CB}.Debug|Any CPU.ActiveCfg = Debug|Any CPU
		{F3628ACE-7024-4036-9C20-B0B17422F4CB}.Debug|Any CPU.Build.0 = Debug|Any CPU
		{F3628ACE-7024-4036-9C20-B0B17422F4CB}.Release|Any CPU.ActiveCfg = Release|Any CPU
		{F3628ACE-7024-4036-9C20-B0B17422F4CB}.Release|Any CPU.Build.0 = Release|Any CPU
		{073122AA-8731-451D-9B7B-1A8A89936833}.Debug|Any CPU.ActiveCfg = Debug|Any CPU
		{073122AA-8731-451D-9B7B-1A8A89936833}.Debug|Any CPU.Build.0 = Debug|Any CPU
		{073122AA-8731-451D-9B7B-1A8A89936833}.Release|Any CPU.ActiveCfg = Release|Any CPU
		{073122AA-8731-451D-9B7B-1A8A89936833}.Release|Any CPU.Build.0 = Release|Any CPU
		{00BEBB39-3AD7-41F4-8E78-2983C6CA93D3}.Debug|Any CPU.ActiveCfg = Debug|Any CPU
		{00BEBB39-3AD7-41F4-8E78-2983C6CA93D3}.Debug|Any CPU.Build.0 = Debug|Any CPU
		{00BEBB39-3AD7-41F4-8E78-2983C6CA93D3}.Release|Any CPU.ActiveCfg = Release|Any CPU
		{00BEBB39-3AD7-41F4-8E78-2983C6CA93D3}.Release|Any CPU.Build.0 = Release|Any CPU
		{629D4061-0234-408F-9D8B-0F531454ADE2}.Debug|Any CPU.ActiveCfg = Debug|Any CPU
		{629D4061-0234-408F-9D8B-0F531454ADE2}.Debug|Any CPU.Build.0 = Debug|Any CPU
		{629D4061-0234-408F-9D8B-0F531454ADE2}.Release|Any CPU.ActiveCfg = Release|Any CPU
		{629D4061-0234-408F-9D8B-0F531454ADE2}.Release|Any CPU.Build.0 = Release|Any CPU
		{713A1E2D-FDB1-4DF0-A88A-918F237A6F49}.Debug|Any CPU.ActiveCfg = Debug|Any CPU
		{713A1E2D-FDB1-4DF0-A88A-918F237A6F49}.Debug|Any CPU.Build.0 = Debug|Any CPU
		{713A1E2D-FDB1-4DF0-A88A-918F237A6F49}.Release|Any CPU.ActiveCfg = Release|Any CPU
		{713A1E2D-FDB1-4DF0-A88A-918F237A6F49}.Release|Any CPU.Build.0 = Release|Any CPU
	EndGlobalSection
	GlobalSection(SolutionProperties) = preSolution
		HideSolutionNode = FALSE
	EndGlobalSection
	GlobalSection(ExtensibilityGlobals) = postSolution
		SolutionGuid = {E3654039-ECFC-4595-A9CE-F60BFB939A86}
	EndGlobalSection
EndGlobal
